<?xml version="1.0" encoding="utf-8"?>
<Project ToolsVersion="4.0" xmlns="http://schemas.microsoft.com/developer/msbuild/2003">
  <ItemGroup>
    <Filter Include="Core">
      <UniqueIdentifier>{844822a3-aef8-450c-b857-aba56cb29fa2}</UniqueIdentifier>
    </Filter>
    <Filter Include="Core\Client">
      <UniqueIdentifier>{fdbc2fd0-2eb6-4998-9b19-127a592f91c4}</UniqueIdentifier>
    </Filter>
    <Filter Include="Core\Util">
      <UniqueIdentifier>{48fab7bb-623a-41e3-812a-030e96e7b491}</UniqueIdentifier>
    </Filter>
    <Filter Include="Core\Main">
      <UniqueIdentifier>{f77c60d5-4aad-4017-b4e3-87108d2470df}</UniqueIdentifier>
    </Filter>
    <Filter Include="Core\Client\ClientSession">
      <UniqueIdentifier>{49599cf7-5e26-405e-850b-39d8b51fd837}</UniqueIdentifier>
    </Filter>
    <Filter Include="Core\Client\ClientManager">
      <UniqueIdentifier>{8d13f9b4-8196-4ddd-909a-cc9193f8918b}</UniqueIdentifier>
    </Filter>
    <Filter Include="Core\Util\CircularBuffer">
      <UniqueIdentifier>{1ef6af47-3d45-4234-ab33-ed921851613b}</UniqueIdentifier>
    </Filter>
    <Filter Include="PreCompile">
      <UniqueIdentifier>{031df1aa-db36-4340-b02f-5d2a00ea9b24}</UniqueIdentifier>
    </Filter>
    <Filter Include="Game">
      <UniqueIdentifier>{8d5e31d6-5f3a-472b-a3f9-193d5c3f6b4c}</UniqueIdentifier>
    </Filter>
    <Filter Include="Game\Object">
      <UniqueIdentifier>{b6172ba5-559a-4aaa-ae51-4ac4c6768100}</UniqueIdentifier>
    </Filter>
    <Filter Include="Game\Object\Object">
      <UniqueIdentifier>{9e262edb-d136-4a58-8668-d48fb7c17777}</UniqueIdentifier>
    </Filter>
    <Filter Include="Game\Object\ObjectManager">
      <UniqueIdentifier>{5587d395-a88d-4065-8287-57d0c4b445ba}</UniqueIdentifier>
    </Filter>
    <Filter Include="Game\Object\Object\Object">
      <UniqueIdentifier>{787cd318-a622-4350-bf6b-87dc1895895d}</UniqueIdentifier>
    </Filter>
    <Filter Include="Game\Object\Object\Player">
      <UniqueIdentifier>{00ca858a-5d35-4e85-b1e8-067709248845}</UniqueIdentifier>
    </Filter>
    <Filter Include="Game\Object\Object\Bullet">
      <UniqueIdentifier>{79092ef2-7fe0-45fe-b9a8-411b6da5df80}</UniqueIdentifier>
    </Filter>
    <Filter Include="Game\Skill">
      <UniqueIdentifier>{2ac3f80f-26c8-4438-901d-4f5a56a653cb}</UniqueIdentifier>
    </Filter>
    <Filter Include="Game\Skill\Skill">
      <UniqueIdentifier>{7591de27-8411-4ca5-b478-2125f4db4ee0}</UniqueIdentifier>
    </Filter>
    <Filter Include="Game\Event">
      <UniqueIdentifier>{ce20cd62-5671-4859-96d8-72420b775b60}</UniqueIdentifier>
    </Filter>
    <Filter Include="Game\Event\EventManager">
      <UniqueIdentifier>{9fc40eee-39f6-47a1-9a73-7443400566e7}</UniqueIdentifier>
    </Filter>
    <Filter Include="Game\Event\Event">
      <UniqueIdentifier>{7b34c237-7582-4415-898c-c5a85301d8bf}</UniqueIdentifier>
    </Filter>
    <Filter Include="Game\Definition">
      <UniqueIdentifier>{8446b10a-b306-4922-9117-9b5776fe67c7}</UniqueIdentifier>
    </Filter>
    <Filter Include="Game\Event\Event\Event">
      <UniqueIdentifier>{2606df79-66c3-448e-ad36-c3164e3d6dfe}</UniqueIdentifier>
    </Filter>
    <Filter Include="Game\Event\EventListener">
      <UniqueIdentifier>{cab5f653-e857-4d7d-a616-afe06c369e36}</UniqueIdentifier>
    </Filter>
    <Filter Include="Game\Event\Event\EventParameter">
      <UniqueIdentifier>{c9cfffc5-16fa-463e-9152-0571b442230f}</UniqueIdentifier>
    </Filter>
    <Filter Include="PacketHandle">
      <UniqueIdentifier>{57e98ecd-cda0-403e-8390-b11964a4b6f5}</UniqueIdentifier>
    </Filter>
    <Filter Include="Core\Util\EllipseCollisionTest">
      <UniqueIdentifier>{95c1c4f5-4d3e-42a8-ad57-e4bd95b1d700}</UniqueIdentifier>
    </Filter>
    <Filter Include="Core\Packet">
      <UniqueIdentifier>{c32a6b68-7ae2-47ec-9039-6e2f6e4814b8}</UniqueIdentifier>
    </Filter>
    <Filter Include="Core\Packet\PacketHandle">
      <UniqueIdentifier>{0a0f4f8a-c9ff-4d57-8b3d-74524f0f0fa9}</UniqueIdentifier>
    </Filter>
    <Filter Include="Core\Packet\PacketType">
      <UniqueIdentifier>{b9c3d381-84f3-4347-8613-fbdd56ed0491}</UniqueIdentifier>
    </Filter>
    <Filter Include="Core\Packet\PacketParse">
      <UniqueIdentifier>{f1a19a58-e9e2-4945-b021-f1853fbe32d4}</UniqueIdentifier>
    </Filter>
    <Filter Include="Core\Packet\PacketHandle\LoginHandler">
      <UniqueIdentifier>{0738b0d3-eaea-4866-859d-836e95f590a5}</UniqueIdentifier>
    </Filter>
    <Filter Include="Core\Packet\PacketHandle\MoveKeyChangeHandler">
      <UniqueIdentifier>{87db613a-438f-4021-ae52-f7db04ef001c}</UniqueIdentifier>
    </Filter>
  </ItemGroup>
  <ItemGroup>
    <ClInclude Include="stdafx.h">
      <Filter>PreCompile</Filter>
    </ClInclude>
    <ClInclude Include="targetver.h">
      <Filter>PreCompile</Filter>
    </ClInclude>
    <ClInclude Include="client_manager.h">
      <Filter>Core\Client\ClientManager</Filter>
    </ClInclude>
    <ClInclude Include="client_session.h">
      <Filter>Core\Client\ClientSession</Filter>
    </ClInclude>
    <ClInclude Include="circular_buffer.h">
      <Filter>Core\Util\CircularBuffer</Filter>
    </ClInclude>
    <ClInclude Include="main.h">
      <Filter>Core\Main</Filter>
    </ClInclude>
    <ClInclude Include="config.h">
      <Filter>Core\Util</Filter>
    </ClInclude>
    <ClInclude Include="object_manager.h">
      <Filter>Game\Object\ObjectManager</Filter>
    </ClInclude>
    <ClInclude Include="bullet.h">
      <Filter>Game\Object\Object\Bullet</Filter>
    </ClInclude>
    <ClInclude Include="object.h">
      <Filter>Game\Object\Object\Object</Filter>
    </ClInclude>
    <ClInclude Include="player.h">
      <Filter>Game\Object\Object\Player</Filter>
    </ClInclude>
    <ClInclude Include="skill.h">
      <Filter>Game\Skill\Skill</Filter>
    </ClInclude>
    <ClInclude Include="event_manager.h">
      <Filter>Game\Event\EventManager</Filter>
    </ClInclude>
    <ClInclude Include="event.h">
      <Filter>Game\Event\Event\Event</Filter>
    </ClInclude>
    <ClInclude Include="event_listener.h">
      <Filter>Game\Event\EventListener</Filter>
    </ClInclude>
    <ClInclude Include="definition.h">
      <Filter>Game\Definition</Filter>
    </ClInclude>
    <ClInclude Include="event_parameter.h">
      <Filter>Game\Event\Event\EventParameter</Filter>
    </ClInclude>
    <ClInclude Include="ellipse_collision_test.h">
      <Filter>Core\Util\EllipseCollisionTest</Filter>
    </ClInclude>
    <ClInclude Include="..\..\PacketType\packet_type.pb.h">
      <Filter>Core\Packet\PacketType</Filter>
    </ClInclude>
    <ClInclude Include="packet_parse.h">
      <Filter>Core\Packet\PacketParse</Filter>
    </ClInclude>
    <ClInclude Include="login_handler.h">
      <Filter>Core\Packet\PacketHandle\LoginHandler</Filter>
    </ClInclude>
    <ClInclude Include="move_key_chnage_handler.h">
      <Filter>Core\Packet\PacketHandle\MoveKeyChangeHandler</Filter>
    </ClInclude>
  </ItemGroup>
  <ItemGroup>
    <ClCompile Include="stdafx.cpp">
      <Filter>PreCompile</Filter>
    </ClCompile>
    <ClCompile Include="client_manager.cpp">
      <Filter>Core\Client\ClientManager</Filter>
    </ClCompile>
    <ClCompile Include="client_session.cpp">
      <Filter>Core\Client\ClientSession</Filter>
    </ClCompile>
    <ClCompile Include="circular_buffer.cpp">
      <Filter>Core\Util\CircularBuffer</Filter>
    </ClCompile>
    <ClCompile Include="main.cpp">
      <Filter>Core\Main</Filter>
    </ClCompile>
    <ClCompile Include="object_manager.cpp">
      <Filter>Game\Object\ObjectManager</Filter>
    </ClCompile>
    <ClCompile Include="bullet.cpp">
      <Filter>Game\Object\Object\Bullet</Filter>
    </ClCompile>
    <ClCompile Include="object.cpp">
      <Filter>Game\Object\Object\Object</Filter>
    </ClCompile>
    <ClCompile Include="player.cpp">
      <Filter>Game\Object\Object\Player</Filter>
    </ClCompile>
    <ClCompile Include="skill.cpp">
      <Filter>Game\Skill\Skill</Filter>
    </ClCompile>
    <ClCompile Include="event_manager.cpp">
      <Filter>Game\Event\EventManager</Filter>
    </ClCompile>
    <ClCompile Include="event_listener.cpp">
      <Filter>Game\Event\EventListener</Filter>
    </ClCompile>
    <ClCompile Include="definition.cpp">
      <Filter>Game\Definition</Filter>
    </ClCompile>
    <ClCompile Include="..\..\PacketType\packet_type.pb.cc">
      <Filter>Core\Packet\PacketType</Filter>
    </ClCompile>
    <ClCompile Include="packet_parse.cpp">
      <Filter>Core\Packet\PacketParse</Filter>
    </ClCompile>
    <ClCompile Include="login_handler.cpp">
      <Filter>Core\Packet\PacketHandle\LoginHandler</Filter>
    </ClCompile>
    <ClCompile Include="move_key_change_handler.cpp">
      <Filter>Core\Packet\PacketHandle\MoveKeyChangeHandler</Filter>
    </ClCompile>
  </ItemGroup>
</Project>